
Microsoft Visual Studio Solution File, Format Version 12.00
# Visual Studio Version 17
VisualStudioVersion = 17.13.35931.197
MinimumVisualStudioVersion = 10.0.40219.1
Project("{FAE04EC0-301F-11D3-BF4B-00C04F79EFBC}") = "WebApi", "WebApi\WebApi.csproj", "{19F9EDE5-D56C-42FF-807C-760F8625A530}"
EndProject
Project("{FAE04EC0-301F-11D3-BF4B-00C04F79EFBC}") = "Repository", "Repository\Repository.csproj", "{BF9CF37C-B89E-4092-85C6-D93CF0AD0403}"
EndProject
Project("{FAE04EC0-301F-11D3-BF4B-00C04F79EFBC}") = "Entities", "Entities\Entities.csproj", "{885D992F-3CD8-42D4-97CF-4F8609D4B81C}"
EndProject
Project("{FAE04EC0-301F-11D3-BF4B-00C04F79EFBC}") = "Services", "Services\Services.csproj", "{61A6740F-DD57-4BCA-A9B1-0A43D3878143}"
EndProject
Project("{FAE04EC0-301F-11D3-BF4B-00C04F79EFBC}") = "Presentation", "Presentation\Presentation.csproj", "{B7482FFC-DC3F-4DF1-81AE-ACA2E8C8B5C3}"
EndProject
Global
	GlobalSection(SolutionConfigurationPlatforms) = preSolution
		Debug|Any CPU = Debug|Any CPU
		Release|Any CPU = Release|Any CPU
	EndGlobalSection
	GlobalSection(ProjectConfigurationPlatforms) = postSolution
		{19F9EDE5-D56C-42FF-807C-760F8625A530}.Debug|Any CPU.ActiveCfg = Debug|Any CPU
		{19F9EDE5-D56C-42FF-807C-760F8625A530}.Debug|Any CPU.Build.0 = Debug|Any CPU
		{19F9EDE5-D56C-42FF-807C-760F8625A530}.Release|Any CPU.ActiveCfg = Release|Any CPU
		{19F9EDE5-D56C-42FF-807C-760F8625A530}.Release|Any CPU.Build.0 = Release|Any CPU
		{BF9CF37C-B89E-4092-85C6-D93CF0AD0403}.Debug|Any CPU.ActiveCfg = Debug|Any CPU
		{BF9CF37C-B89E-4092-85C6-D93CF0AD0403}.Debug|Any CPU.Build.0 = Debug|Any CPU
		{BF9CF37C-B89E-4092-85C6-D93CF0AD0403}.Release|Any CPU.ActiveCfg = Release|Any CPU
		{BF9CF37C-B89E-4092-85C6-D93CF0AD0403}.Release|Any CPU.Build.0 = Release|Any CPU
		{885D992F-3CD8-42D4-97CF-4F8609D4B81C}.Debug|Any CPU.ActiveCfg = Debug|Any CPU
		{885D992F-3CD8-42D4-97CF-4F8609D4B81C}.Debug|Any CPU.Build.0 = Debug|Any CPU
		{885D992F-3CD8-42D4-97CF-4F8609D4B81C}.Release|Any CPU.ActiveCfg = Release|Any CPU
		{885D992F-3CD8-42D4-97CF-4F8609D4B81C}.Release|Any CPU.Build.0 = Release|Any CPU
		{61A6740F-DD57-4BCA-A9B1-0A43D3878143}.Debug|Any CPU.ActiveCfg = Debug|Any CPU
		{61A6740F-DD57-4BCA-A9B1-0A43D3878143}.Debug|Any CPU.Build.0 = Debug|Any CPU
		{61A6740F-DD57-4BCA-A9B1-0A43D3878143}.Release|Any CPU.ActiveCfg = Release|Any CPU
		{61A6740F-DD57-4BCA-A9B1-0A43D3878143}.Release|Any CPU.Build.0 = Release|Any CPU
		{B7482FFC-DC3F-4DF1-81AE-ACA2E8C8B5C3}.Debug|Any CPU.ActiveCfg = Debug|Any CPU
		{B7482FFC-DC3F-4DF1-81AE-ACA2E8C8B5C3}.Debug|Any CPU.Build.0 = Debug|Any CPU
		{B7482FFC-DC3F-4DF1-81AE-ACA2E8C8B5C3}.Release|Any CPU.ActiveCfg = Release|Any CPU
		{B7482FFC-DC3F-4DF1-81AE-ACA2E8C8B5C3}.Release|Any CPU.Build.0 = Release|Any CPU
	EndGlobalSection
	GlobalSection(SolutionProperties) = preSolution
		HideSolutionNode = FALSE
	EndGlobalSection
	GlobalSection(ExtensibilityGlobals) = postSolution
		SolutionGuid = {2350CC35-812A-43CD-A5B6-0776AF095C53}
	EndGlobalSection
EndGlobal
